
Microsoft Visual Studio Solution File, Format Version 12.00
# Visual Studio Version 17
VisualStudioVersion = 17.4.33213.308
MinimumVisualStudioVersion = 10.0.40219.1
Project("{FAE04EC0-301F-11D3-BF4B-00C04F79EFBC}") = "Portfolio", "Portfolio\Portfolio.csproj", "{F821D3E2-83B5-44EA-A409-18A332A3621A}"
EndProject
Global
	GlobalSection(SolutionConfigurationPlatforms) = preSolution
		Debug|Any CPU = Debug|Any CPU
		Release|Any CPU = Release|Any CPU
	EndGlobalSection
	GlobalSection(ProjectConfigurationPlatforms) = postSolution
		{F821D3E2-83B5-44EA-A409-18A332A3621A}.Debug|Any CPU.ActiveCfg = Debug|Any CPU
		{F821D3E2-83B5-44EA-A409-18A332A3621A}.Debug|Any CPU.Build.0 = Debug|Any CPU
		{F821D3E2-83B5-44EA-A409-18A332A3621A}.Release|Any CPU.ActiveCfg = Release|Any CPU
		{F821D3E2-83B5-44EA-A409-18A332A3621A}.Release|Any CPU.Build.0 = Release|Any CPU
	EndGlobalSection
	GlobalSection(SolutionProperties) = preSolution
		HideSolutionNode = FALSE
	EndGlobalSection
	GlobalSection(ExtensibilityGlobals) = postSolution
		SolutionGuid = {FC655E72-B24C-47D2-BE90-50774C3BE1B1}
	EndGlobalSection
EndGlobal
